
Microsoft Visual Studio Solution File, Format Version 12.00
# Visual Studio Version 17
VisualStudioVersion = 17.0.31903.59
MinimumVisualStudioVersion = 10.0.40219.1
Project("{2150E333-8FDC-42A3-9474-1A3956D46DE8}") = "src", "src", "{7CC81A85-085C-488E-BB68-61C1B47AD554}"
EndProject
Project("{FAE04EC0-301F-11D3-BF4B-00C04F79EFBC}") = "ProxyCage.Core", "src\ProxyCage.Core\ProxyCage.Core.csproj", "{AF2C613D-DBFC-4ADC-95FE-165B75719F5A}"
EndProject
Project("{2150E333-8FDC-42A3-9474-1A3956D46DE8}") = "tests", "tests", "{6976900E-1002-4DDE-B96F-50353A6F3407}"
EndProject
Project("{FAE04EC0-301F-11D3-BF4B-00C04F79EFBC}") = "ProxyCage.Core.Tests", "tests\ProxyCage.Core.Tests\ProxyCage.Core.Tests.csproj", "{FB667267-3C44-4CB0-A4D6-572102D5EA45}"
EndProject
Project("{FAE04EC0-301F-11D3-BF4B-00C04F79EFBC}") = "ProxyCage.Cli", "src\ProxyCage.Cli\ProxyCage.Cli.csproj", "{50DA0469-C7B4-402E-A4C2-AABC3EAC59C7}"
EndProject
Global
	GlobalSection(SolutionConfigurationPlatforms) = preSolution
		Debug|Any CPU = Debug|Any CPU
		Release|Any CPU = Release|Any CPU
	EndGlobalSection
	GlobalSection(SolutionProperties) = preSolution
		HideSolutionNode = FALSE
	EndGlobalSection
	GlobalSection(ProjectConfigurationPlatforms) = postSolution
		{AF2C613D-DBFC-4ADC-95FE-165B75719F5A}.Debug|Any CPU.ActiveCfg = Debug|Any CPU
		{AF2C613D-DBFC-4ADC-95FE-165B75719F5A}.Debug|Any CPU.Build.0 = Debug|Any CPU
		{AF2C613D-DBFC-4ADC-95FE-165B75719F5A}.Release|Any CPU.ActiveCfg = Release|Any CPU
		{AF2C613D-DBFC-4ADC-95FE-165B75719F5A}.Release|Any CPU.Build.0 = Release|Any CPU
		{FB667267-3C44-4CB0-A4D6-572102D5EA45}.Debug|Any CPU.ActiveCfg = Debug|Any CPU
		{FB667267-3C44-4CB0-A4D6-572102D5EA45}.Debug|Any CPU.Build.0 = Debug|Any CPU
		{FB667267-3C44-4CB0-A4D6-572102D5EA45}.Release|Any CPU.ActiveCfg = Release|Any CPU
		{FB667267-3C44-4CB0-A4D6-572102D5EA45}.Release|Any CPU.Build.0 = Release|Any CPU
		{50DA0469-C7B4-402E-A4C2-AABC3EAC59C7}.Debug|Any CPU.ActiveCfg = Debug|Any CPU
		{50DA0469-C7B4-402E-A4C2-AABC3EAC59C7}.Debug|Any CPU.Build.0 = Debug|Any CPU
		{50DA0469-C7B4-402E-A4C2-AABC3EAC59C7}.Release|Any CPU.ActiveCfg = Release|Any CPU
		{50DA0469-C7B4-402E-A4C2-AABC3EAC59C7}.Release|Any CPU.Build.0 = Release|Any CPU
	EndGlobalSection
	GlobalSection(NestedProjects) = preSolution
		{AF2C613D-DBFC-4ADC-95FE-165B75719F5A} = {7CC81A85-085C-488E-BB68-61C1B47AD554}
		{FB667267-3C44-4CB0-A4D6-572102D5EA45} = {6976900E-1002-4DDE-B96F-50353A6F3407}
		{50DA0469-C7B4-402E-A4C2-AABC3EAC59C7} = {7CC81A85-085C-488E-BB68-61C1B47AD554}
	EndGlobalSection
EndGlobal
